{
  "name": "projeto-em-grupo-resilia-md2",
  "version": "1.0.0",
  "lockfileVersion": 2,
  "requires": true,
  "packages": {
    "": {
      "name": "projeto-em-grupo-resilia-md2",
      "version": "1.0.0",
      "license": "ISC",
      "dependencies": {
        "jquery-particles": "^2.5.1"
      }
    },
    "node_modules/jquery": {
      "version": "3.6.1",
      "resolved": "https://registry.npmjs.org/jquery/-/jquery-3.6.1.tgz",
      "integrity": "sha512-opJeO4nCucVnsjiXOE+/PcCgYw9Gwpvs/a6B1LL/lQhwWwpbVEVYDZ1FokFr8PRc7ghYlrFPuyHuiiDNTQxmcw==",
      "peer": true
    },
    "node_modules/jquery-particles": {
      "version": "2.5.1",
      "resolved": "https://registry.npmjs.org/jquery-particles/-/jquery-particles-2.5.1.tgz",
      "integrity": "sha512-MM0jTiejwKC+1B1EaAGPEPb/oaovL0pRig7Qi7sRM47f4UVr6rLOEbaXU4kOM0Qeqg7UcubvcsIdAAs+8b/Euw==",
      "funding": [
        {
          "type": "github",
          "url": "https://github.com/sponsors/matteobruni"
        },
        {
          "type": "buymeacoffee",
          "url": "https://www.buymeacoffee.com/matteobruni"
        }
      ],
      "dependencies": {
        "tsparticles-engine": "^2.5.0"
      },
      "peerDependencies": {
        "jquery": "*"
      }
    },
    "node_modules/tsparticles-engine": {
      "version": "2.5.0",
      "resolved": "https://registry.npmjs.org/tsparticles-engine/-/tsparticles-engine-2.5.0.tgz",
      "integrity": "sha512-eeV1bZmSoPQB8nbEmiOzAsFUSaFzlZoxxeLKgi5gHbhuLTSUEbQA12zStMm49Njg4aOzVo+fg9JyRVnWOLTqBQ==",
      "funding": [
        {
          "type": "github",
          "url": "https://github.com/sponsors/matteobruni"
        },
        {
          "type": "buymeacoffee",
          "url": "https://www.buymeacoffee.com/matteobruni"
        }
      ],
      "hasInstallScript": true
    }
  },
  "dependencies": {
    "jquery": {
      "version": "3.6.1",
      "resolved": "https://registry.npmjs.org/jquery/-/jquery-3.6.1.tgz",
      "integrity": "sha512-opJeO4nCucVnsjiXOE+/PcCgYw9Gwpvs/a6B1LL/lQhwWwpbVEVYDZ1FokFr8PRc7ghYlrFPuyHuiiDNTQxmcw==",
      "peer": true
    },
    "jquery-particles": {
      "version": "2.5.1",
      "resolved": "https://registry.npmjs.org/jquery-particles/-/jquery-particles-2.5.1.tgz",
      "integrity": "sha512-MM0jTiejwKC+1B1EaAGPEPb/oaovL0pRig7Qi7sRM47f4UVr6rLOEbaXU4kOM0Qeqg7UcubvcsIdAAs+8b/Euw==",
      "requires": {
        "tsparticles-engine": "^2.5.0"
      }
    },
    "tsparticles-engine": {
      "version": "2.5.0",
      "resolved": "https://registry.npmjs.org/tsparticles-engine/-/tsparticles-engine-2.5.0.tgz",
      "integrity": "sha512-eeV1bZmSoPQB8nbEmiOzAsFUSaFzlZoxxeLKgi5gHbhuLTSUEbQA12zStMm49Njg4aOzVo+fg9JyRVnWOLTqBQ=="
    }
  }
}
